// !$*UTF8*$!
{
	archiveVersion = 1;
	classes = {
	};
	objectVersion = 50;
	objects = {

/* Begin PBXBuildFile section */
		52289F2C245C99EC00157B5F /* AppDelegate.swift in Sources */ = {isa = PBXBuildFile; fileRef = 52289F2B245C99EC00157B5F /* AppDelegate.swift */; };
		52289F2E245C99EC00157B5F /* SceneDelegate.swift in Sources */ = {isa = PBXBuildFile; fileRef = 52289F2D245C99EC00157B5F /* SceneDelegate.swift */; };
		52289F30245C99EC00157B5F /* ViewController.swift in Sources */ = {isa = PBXBuildFile; fileRef = 52289F2F245C99EC00157B5F /* ViewController.swift */; };
		52289F33245C99EC00157B5F /* Main.storyboard in Resources */ = {isa = PBXBuildFile; fileRef = 52289F31245C99EC00157B5F /* Main.storyboard */; };
		52289F35245C99F800157B5F /* Assets.xcassets in Resources */ = {isa = PBXBuildFile; fileRef = 52289F34245C99F800157B5F /* Assets.xcassets */; };
		52289F38245C99F800157B5F /* LaunchScreen.storyboard in Resources */ = {isa = PBXBuildFile; fileRef = 52289F36245C99F800157B5F /* LaunchScreen.storyboard */; };
		52289F40245C9B0000157B5F /* CardViewController.xib in Resources */ = {isa = PBXBuildFile; fileRef = 52289F3F245C9B0000157B5F /* CardViewController.xib */; };
		52289F42245C9D0300157B5F /* CardViewController.swift in Sources */ = {isa = PBXBuildFile; fileRef = 52289F41245C9D0300157B5F /* CardViewController.swift */; };
/* End PBXBuildFile section */

/* Begin PBXFileReference section */
		52289F28245C99EC00157B5F /* CardViewAnimation.app */ = {isa = PBXFileReference; explicitFileType = wrapper.application; includeInIndex = 0; path = CardViewAnimation.app; sourceTree = BUILT_PRODUCTS_DIR; };
		52289F2B245C99EC00157B5F /* AppDelegate.swift */ = {isa = PBXFileReference; lastKnownFileType = sourcecode.swift; path = AppDelegate.swift; sourceTree = "<group>"; };
		52289F2D245C99EC00157B5F /* SceneDelegate.swift */ = {isa = PBXFileReference; lastKnownFileType = sourcecode.swift; path = SceneDelegate.swift; sourceTree = "<group>"; };
		52289F2F245C99EC00157B5F /* ViewController.swift */ = {isa = PBXFileReference; lastKnownFileType = sourcecode.swift; path = ViewController.swift; sourceTree = "<group>"; };
		52289F32245C99EC00157B5F /* Base */ = {isa = PBXFileReference; lastKnownFileType = file.storyboard; name = Base; path = Base.lproj/Main.storyboard; sourceTree = "<group>"; };
		52289F34245C99F800157B5F /* Assets.xcassets */ = {isa = PBXFileReference; lastKnownFileType = folder.assetcatalog; path = Assets.xcassets; sourceTree = "<group>"; };
		52289F37245C99F800157B5F /* Base */ = {isa = PBXFileReference; lastKnownFileType = file.storyboard; name = Base; path = Base.lproj/LaunchScreen.storyboard; sourceTree = "<group>"; };
		52289F39245C99F800157B5F /* Info.plist */ = {isa = PBXFileReference; lastKnownFileType = text.plist.xml; path = Info.plist; sourceTree = "<group>"; };
		52289F3F245C9B0000157B5F /* CardViewController.xib */ = {isa = PBXFileReference; lastKnownFileType = file.xib; path = CardViewController.xib; sourceTree = "<group>"; };
		52289F41245C9D0300157B5F /* CardViewController.swift */ = {isa = PBXFileReference; lastKnownFileType = sourcecode.swift; path = CardViewController.swift; sourceTree = "<group>"; };
/* End PBXFileReference section */

/* Begin PBXFrameworksBuildPhase section */
		52289F25245C99EC00157B5F /* Frameworks */ = {
			isa = PBXFrameworksBuildPhase;
			buildActionMask = 2147483647;
			files = (
			);
			runOnlyForDeploymentPostprocessing = 0;
		};
/* End PBXFrameworksBuildPhase section */

/* Begin PBXGroup section */
		52289F1F245C99EC00157B5F = {
			isa = PBXGroup;
			children = (
				52289F2A245C99EC00157B5F /* CardViewAnimation */,
				52289F29245C99EC00157B5F /* Products */,
			);
			sourceTree = "<group>";
		};
		52289F29245C99EC00157B5F /* Products */ = {
			isa = PBXGroup;
			children = (
				52289F28245C99EC00157B5F /* CardViewAnimation.app */,
			);
			name = Products;
			sourceTree = "<group>";
		};
		52289F2A245C99EC00157B5F /* CardViewAnimation */ = {
			isa = PBXGroup;
			children = (
				52289F2B245C99EC00157B5F /* AppDelegate.swift */,
				52289F2D245C99EC00157B5F /* SceneDelegate.swift */,
				52289F2F245C99EC00157B5F /* ViewController.swift */,
				52289F31245C99EC00157B5F /* Main.storyboard */,
				52289F34245C99F800157B5F /* Assets.xcassets */,
				52289F36245C99F800157B5F /* LaunchScreen.storyboard */,
				52289F39245C99F800157B5F /* Info.plist */,
				52289F3F245C9B0000157B5F /* CardViewController.xib */,
				52289F41245C9D0300157B5F /* CardViewController.swift */,
			);
			path = CardViewAnimation;
			sourceTree = "<group>";
		};
/* End PBXGroup section */

/* Begin PBXNativeTarget section */
		52289F27245C99EC00157B5F /* CardViewAnimation */ = {
			isa = PBXNativeTarget;
			buildConfigurationList = 52289F3C245C99F800157B5F /* Build configuration list for PBXNativeTarget "CardViewAnimation" */;
			buildPhases = (
				52289F24245C99EC00157B5F /* Sources */,
				52289F25245C99EC00157B5F /* Frameworks */,
				52289F26245C99EC00157B5F /* Resources */,
			);
			buildRules = (
			);
			dependencies = (
			);
			name = CardViewAnimation;
			productName = CardViewAnimation;
			productReference = 52289F28245C99EC00157B5F /* CardViewAnimation.app */;
			productType = "com.apple.product-type.application";
		};
/* End PBXNativeTarget section */

/* Begin PBXProject section */
		52289F20245C99EC00157B5F /* Project object */ = {
			isa = PBXProject;
			attributes = {
				LastSwiftUpdateCheck = 1140;
				LastUpgradeCheck = 1140;
				ORGANIZATIONNAME = "김현지";
				TargetAttributes = {
					52289F27245C99EC00157B5F = {
						CreatedOnToolsVersion = 11.4.1;
					};
				};
			};
			buildConfigurationList = 52289F23245C99EC00157B5F /* Build configuration list for PBXProject "CardViewAnimation" */;
			compatibilityVersion = "Xcode 9.3";
			developmentRegion = en;
			hasScannedForEncodings = 0;
			knownRegions = (
				en,
				Base,
			);
			mainGroup = 52289F1F245C99EC00157B5F;
			productRefGroup = 52289F29245C99EC00157B5F /* Products */;
			projectDirPath = "";
			projectRoot = "";
			targets = (
				52289F27245C99EC00157B5F /* CardViewAnimation */,
			);
		};
/* End PBXProject section */

/* Begin PBXResourcesBuildPhase section */
		52289F26245C99EC00157B5F /* Resources */ = {
			isa = PBXResourcesBuildPhase;
			buildActionMask = 2147483647;
			files = (
				52289F40245C9B0000157B5F /* CardViewController.xib in Resources */,
				52289F38245C99F800157B5F /* LaunchScreen.storyboard in Resources */,
				52289F35245C99F800157B5F /* Assets.xcassets in Resources */,
				52289F33245C99EC00157B5F /* Main.storyboard in Resources */,
			);
			runOnlyForDeploymentPostprocessing = 0;
		};
/* End PBXResourcesBuildPhase section */

/* Begin PBXSourcesBuildPhase section */
		52289F24245C99EC00157B5F /* Sources */ = {
			isa = PBXSourcesBuildPhase;
			buildActionMask = 2147483647;
			files = (
				52289F42245C9D0300157B5F /* CardViewController.swift in Sources */,
				52289F30245C99EC00157B5F /* ViewController.swift in Sources */,
				52289F2C245C99EC00157B5F /* AppDelegate.swift in Sources */,
				52289F2E245C99EC00157B5F /* SceneDelegate.swift in Sources */,
			);
			runOnlyForDeploymentPostprocessing = 0;
		};
/* End PBXSourcesBuildPhase section */

/* Begin PBXVariantGroup section */
		52289F31245C99EC00157B5F /* Main.storyboard */ = {
			isa = PBXVariantGroup;
			children = (
				52289F32245C99EC00157B5F /* Base */,
			);
			name = Main.storyboard;
			sourceTree = "<group>";
		};
		52289F36245C99F800157B5F /* LaunchScreen.storyboard */ = {
			isa = PBXVariantGroup;
			children = (
				52289F37245C99F800157B5F /* Base */,
			);
			name = LaunchScreen.storyboard;
			sourceTree = "<group>";
		};
/* End PBXVariantGroup section */

/* Begin XCBuildConfiguration section */
		52289F3A245C99F800157B5F /* Debug */ = {
			isa = XCBuildConfiguration;
			buildSettings = {
				ALWAYS_SEARCH_USER_PATHS = NO;
				CLANG_ANALYZER_NONNULL = YES;
				CLANG_ANALYZER_NUMBER_OBJECT_CONVERSION = YES_AGGRESSIVE;
				CLANG_CXX_LANGUAGE_STANDARD = "gnu++14";
				CLANG_CXX_LIBRARY = "libc++";
				CLANG_ENABLE_MODULES = YES;
				CLANG_ENABLE_OBJC_ARC = YES;
				CLANG_ENABLE_OBJC_WEAK = YES;
				CLANG_WARN_BLOCK_CAPTURE_AUTORELEASING = YES;
				CLANG_WARN_BOOL_CONVERSION = YES;
				CLANG_WARN_COMMA = YES;
				CLANG_WARN_CONSTANT_CONVERSION = YES;
				CLANG_WARN_DEPRECATED_OBJC_IMPLEMENTATIONS = YES;
				CLANG_WARN_DIRECT_OBJC_ISA_USAGE = YES_ERROR;
				CLANG_WARN_DOCUMENTATION_COMMENTS = YES;
				CLANG_WARN_EMPTY_BODY = YES;
				CLANG_WARN_ENUM_CONVERSION = YES;
				CLANG_WARN_INFINITE_RECURSION = YES;
				CLANG_WARN_INT_CONVERSION = YES;
				CLANG_WARN_NON_LITERAL_NULL_CONVERSION = YES;
				CLANG_WARN_OBJC_IMPLICIT_RETAIN_SELF = YES;
				CLANG_WARN_OBJC_LITERAL_CONVERSION = YES;
				CLANG_WARN_OBJC_ROOT_CLASS = YES_ERROR;
				CLANG_WARN_RANGE_LOOP_ANALYSIS = YES;
				CLANG_WARN_STRICT_PROTOTYPES = YES;
				CLANG_WARN_SUSPICIOUS_MOVE = YES;
				CLANG_WARN_UNGUARDED_AVAILABILITY = YES_AGGRESSIVE;
				CLANG_WARN_UNREACHABLE_CODE = YES;
				CLANG_WARN__DUPLICATE_METHOD_MATCH = YES;
				COPY_PHASE_STRIP = NO;
				DEBUG_INFORMATION_FORMAT = dwarf;
				ENABLE_STRICT_OBJC_MSGSEND = YES;
				ENABLE_TESTABILITY = YES;
				GCC_C_LANGUAGE_STANDARD = gnu11;
				GCC_DYNAMIC_NO_PIC = NO;
				GCC_NO_COMMON_BLOCKS = YES;
				GCC_OPTIMIZATION_LEVEL = 0;
				GCC_PREPROCESSOR_DEFINITIONS = (
					"DEBUG=1",
					"$(inherited)",
				);
				GCC_WARN_64_TO_32_BIT_CONVERSION = YES;
				GCC_WARN_ABOUT_RETURN_TYPE = YES_ERROR;
				GCC_WARN_UNDECLARED_SELECTOR = YES;
				GCC_WARN_UNINITIALIZED_AUTOS = YES_AGGRESSIVE;
				GCC_WARN_UNUSED_FUNCTION = YES;
				GCC_WARN_UNUSED_VARIABLE = YES;
				IPHONEOS_DEPLOYMENT_TARGET = 13.4;
				MTL_ENABLE_DEBUG_INFO = INCLUDE_SOURCE;
				MTL_FAST_MATH = YES;
				ONLY_ACTIVE_ARCH = YES;
				SDKROOT = iphoneos;
				SWIFT_ACTIVE_COMPILATION_CONDITIONS = DEBUG;
				SWIFT_OPTIMIZATION_LEVEL = "-Onone";
			};
			name = Debug;
		};
		52289F3B245C99F800157B5F /* Release */ = {
			isa = XCBuildConfiguration;
			buildSettings = {
				ALWAYS_SEARCH_USER_PATHS = NO;
				CLANG_ANALYZER_NONNULL = YES;
				CLANG_ANALYZER_NUMBER_OBJECT_CONVERSION = YES_AGGRESSIVE;
				CLANG_CXX_LANGUAGE_STANDARD = "gnu++14";
				CLANG_CXX_LIBRARY = "libc++";
				CLANG_ENABLE_MODULES = YES;
				CLANG_ENABLE_OBJC_ARC = YES;
				CLANG_ENABLE_OBJC_WEAK = YES;
				CLANG_WARN_BLOCK_CAPTURE_AUTORELEASING = YES;
				CLANG_WARN_BOOL_CONVERSION = YES;
				CLANG_WARN_COMMA = YES;
				CLANG_WARN_CONSTANT_CONVERSION = YES;
				CLANG_WARN_DEPRECATED_OBJC_IMPLEMENTATIONS = YES;
				CLANG_WARN_DIRECT_OBJC_ISA_USAGE = YES_ERROR;
				CLANG_WARN_DOCUMENTATION_COMMENTS = YES;
				CLANG_WARN_EMPTY_BODY = YES;
				CLANG_WARN_ENUM_CONVERSION = YES;
				CLANG_WARN_INFINITE_RECURSION = YES;
				CLANG_WARN_INT_CONVERSION = YES;
				CLANG_WARN_NON_LITERAL_NULL_CONVERSION = YES;
				CLANG_WARN_OBJC_IMPLICIT_RETAIN_SELF = YES;
				CLANG_WARN_OBJC_LITERAL_CONVERSION = YES;
				CLANG_WARN_OBJC_ROOT_CLASS = YES_ERROR;
				CLANG_WARN_RANGE_LOOP_ANALYSIS = YES;
				CLANG_WARN_STRICT_PROTOTYPES = YES;
				CLANG_WARN_SUSPICIOUS_MOVE = YES;
				CLANG_WARN_UNGUARDED_AVAILABILITY = YES_AGGRESSIVE;
				CLANG_WARN_UNREACHABLE_CODE = YES;
				CLANG_WARN__DUPLICATE_METHOD_MATCH = YES;
				COPY_PHASE_STRIP = NO;
				DEBUG_INFORMATION_FORMAT = "dwarf-with-dsym";
				ENABLE_NS_ASSERTIONS = NO;
				ENABLE_STRICT_OBJC_MSGSEND = YES;
				GCC_C_LANGUAGE_STANDARD = gnu11;
				GCC_NO_COMMON_BLOCKS = YES;
				GCC_WARN_64_TO_32_BIT_CONVERSION = YES;
				GCC_WARN_ABOUT_RETURN_TYPE = YES_ERROR;
				GCC_WARN_UNDECLARED_SELECTOR = YES;
				GCC_WARN_UNINITIALIZED_AUTOS = YES_AGGRESSIVE;
				GCC_WARN_UNUSED_FUNCTION = YES;
				GCC_WARN_UNUSED_VARIABLE = YES;
				IPHONEOS_DEPLOYMENT_TARGET = 13.4;
				MTL_ENABLE_DEBUG_INFO = NO;
				MTL_FAST_MATH = YES;
				SDKROOT = iphoneos;
				SWIFT_COMPILATION_MODE = wholemodule;
				SWIFT_OPTIMIZATION_LEVEL = "-O";
				VALIDATE_PRODUCT = YES;
			};
			name = Release;
		};
		52289F3D245C99F800157B5F /* Debug */ = {
			isa = XCBuildConfiguration;
			buildSettings = {
				ASSETCATALOG_COMPILER_APPICON_NAME = AppIcon;
				CODE_SIGN_STYLE = Automatic;
				DEVELOPMENT_TEAM = CYJWF25337;
				INFOPLIST_FILE = CardViewAnimation/Info.plist;
				LD_RUNPATH_SEARCH_PATHS = (
					"$(inherited)",
					"@executable_path/Frameworks",
				);
				PRODUCT_BUNDLE_IDENTIFIER = com.hyunji.CardViewAnimation;
				PRODUCT_NAME = "$(TARGET_NAME)";
				SWIFT_VERSION = 5.0;
				TARGETED_DEVICE_FAMILY = "1,2";
			};
			name = Debug;
		};
		52289F3E245C99F800157B5F /* Release */ = {
			isa = XCBuildConfiguration;
			buildSettings = {
				ASSETCATALOG_COMPILER_APPICON_NAME = AppIcon;
				CODE_SIGN_STYLE = Automatic;
				DEVELOPMENT_TEAM = CYJWF25337;
				INFOPLIST_FILE = CardViewAnimation/Info.plist;
				LD_RUNPATH_SEARCH_PATHS = (
					"$(inherited)",
					"@executable_path/Frameworks",
				);
				PRODUCT_BUNDLE_IDENTIFIER = com.hyunji.CardViewAnimation;
				PRODUCT_NAME = "$(TARGET_NAME)";
				SWIFT_VERSION = 5.0;
				TARGETED_DEVICE_FAMILY = "1,2";
			};
			name = Release;
		};
/* End XCBuildConfiguration section */

/* Begin XCConfigurationList section */
		52289F23245C99EC00157B5F /* Build configuration list for PBXProject "CardViewAnimation" */ = {
			isa = XCConfigurationList;
			buildConfigurations = (
				52289F3A245C99F800157B5F /* Debug */,
				52289F3B245C99F800157B5F /* Release */,
			);
			defaultConfigurationIsVisible = 0;
			defaultConfigurationName = Release;
		};
		52289F3C245C99F800157B5F /* Build configuration list for PBXNativeTarget "CardViewAnimation" */ = {
			isa = XCConfigurationList;
			buildConfigurations = (
				52289F3D245C99F800157B5F /* Debug */,
				52289F3E245C99F800157B5F /* Release */,
			);
			defaultConfigurationIsVisible = 0;
			defaultConfigurationName = Release;
		};
/* End XCConfigurationList section */
	};
	rootObject = 52289F20245C99EC00157B5F /* Project object */;
}
