// !$*UTF8*$!
{
	archiveVersion = 1;
	classes = {
	};
	objectVersion = 50;
	objects = {

/* Begin PBXBuildFile section */
		52FE92F024D0125C0058343E /* AppDelegate.swift in Sources */ = {isa = PBXBuildFile; fileRef = 52FE92EF24D0125C0058343E /* AppDelegate.swift */; };
		52FE92F424D0125C0058343E /* ViewController.swift in Sources */ = {isa = PBXBuildFile; fileRef = 52FE92F324D0125C0058343E /* ViewController.swift */; };
		52FE92F724D0125C0058343E /* Main.storyboard in Resources */ = {isa = PBXBuildFile; fileRef = 52FE92F524D0125C0058343E /* Main.storyboard */; };
		52FE92F924D012650058343E /* Assets.xcassets in Resources */ = {isa = PBXBuildFile; fileRef = 52FE92F824D012650058343E /* Assets.xcassets */; };
		52FE92FC24D012650058343E /* LaunchScreen.storyboard in Resources */ = {isa = PBXBuildFile; fileRef = 52FE92FA24D012650058343E /* LaunchScreen.storyboard */; };
		52FE930424D012B20058343E /* Coordinator.swift in Sources */ = {isa = PBXBuildFile; fileRef = 52FE930324D012B20058343E /* Coordinator.swift */; };
		52FE930624D012EC0058343E /* Storyboarded.swift in Sources */ = {isa = PBXBuildFile; fileRef = 52FE930524D012EC0058343E /* Storyboarded.swift */; };
		52FE930824D0145D0058343E /* MainCoordinator.swift in Sources */ = {isa = PBXBuildFile; fileRef = 52FE930724D0145D0058343E /* MainCoordinator.swift */; };
		52FE930A24D0156A0058343E /* BuyViewController.swift in Sources */ = {isa = PBXBuildFile; fileRef = 52FE930924D0156A0058343E /* BuyViewController.swift */; };
		52FE930C24D015750058343E /* CreateAccountViewController.swift in Sources */ = {isa = PBXBuildFile; fileRef = 52FE930B24D015750058343E /* CreateAccountViewController.swift */; };
		52FE930E24D05B580058343E /* BuyCoordinator.swift in Sources */ = {isa = PBXBuildFile; fileRef = 52FE930D24D05B580058343E /* BuyCoordinator.swift */; };
/* End PBXBuildFile section */

/* Begin PBXFileReference section */
		52FE92EC24D0125C0058343E /* Coordinators.app */ = {isa = PBXFileReference; explicitFileType = wrapper.application; includeInIndex = 0; path = Coordinators.app; sourceTree = BUILT_PRODUCTS_DIR; };
		52FE92EF24D0125C0058343E /* AppDelegate.swift */ = {isa = PBXFileReference; lastKnownFileType = sourcecode.swift; path = AppDelegate.swift; sourceTree = "<group>"; };
		52FE92F324D0125C0058343E /* ViewController.swift */ = {isa = PBXFileReference; lastKnownFileType = sourcecode.swift; path = ViewController.swift; sourceTree = "<group>"; };
		52FE92F624D0125C0058343E /* Base */ = {isa = PBXFileReference; lastKnownFileType = file.storyboard; name = Base; path = Base.lproj/Main.storyboard; sourceTree = "<group>"; };
		52FE92F824D012650058343E /* Assets.xcassets */ = {isa = PBXFileReference; lastKnownFileType = folder.assetcatalog; path = Assets.xcassets; sourceTree = "<group>"; };
		52FE92FB24D012650058343E /* Base */ = {isa = PBXFileReference; lastKnownFileType = file.storyboard; name = Base; path = Base.lproj/LaunchScreen.storyboard; sourceTree = "<group>"; };
		52FE92FD24D012650058343E /* Info.plist */ = {isa = PBXFileReference; lastKnownFileType = text.plist.xml; path = Info.plist; sourceTree = "<group>"; };
		52FE930324D012B20058343E /* Coordinator.swift */ = {isa = PBXFileReference; lastKnownFileType = sourcecode.swift; path = Coordinator.swift; sourceTree = "<group>"; };
		52FE930524D012EC0058343E /* Storyboarded.swift */ = {isa = PBXFileReference; lastKnownFileType = sourcecode.swift; path = Storyboarded.swift; sourceTree = "<group>"; };
		52FE930724D0145D0058343E /* MainCoordinator.swift */ = {isa = PBXFileReference; lastKnownFileType = sourcecode.swift; path = MainCoordinator.swift; sourceTree = "<group>"; };
		52FE930924D0156A0058343E /* BuyViewController.swift */ = {isa = PBXFileReference; lastKnownFileType = sourcecode.swift; path = BuyViewController.swift; sourceTree = "<group>"; };
		52FE930B24D015750058343E /* CreateAccountViewController.swift */ = {isa = PBXFileReference; lastKnownFileType = sourcecode.swift; path = CreateAccountViewController.swift; sourceTree = "<group>"; };
		52FE930D24D05B580058343E /* BuyCoordinator.swift */ = {isa = PBXFileReference; lastKnownFileType = sourcecode.swift; path = BuyCoordinator.swift; sourceTree = "<group>"; };
/* End PBXFileReference section */

/* Begin PBXFrameworksBuildPhase section */
		52FE92E924D0125C0058343E /* Frameworks */ = {
			isa = PBXFrameworksBuildPhase;
			buildActionMask = 2147483647;
			files = (
			);
			runOnlyForDeploymentPostprocessing = 0;
		};
/* End PBXFrameworksBuildPhase section */

/* Begin PBXGroup section */
		52FE92E324D0125C0058343E = {
			isa = PBXGroup;
			children = (
				52FE92EE24D0125C0058343E /* Coordinators */,
				52FE92ED24D0125C0058343E /* Products */,
			);
			sourceTree = "<group>";
		};
		52FE92ED24D0125C0058343E /* Products */ = {
			isa = PBXGroup;
			children = (
				52FE92EC24D0125C0058343E /* Coordinators.app */,
			);
			name = Products;
			sourceTree = "<group>";
		};
		52FE92EE24D0125C0058343E /* Coordinators */ = {
			isa = PBXGroup;
			children = (
				52FE92EF24D0125C0058343E /* AppDelegate.swift */,
				52FE92F324D0125C0058343E /* ViewController.swift */,
				52FE92F524D0125C0058343E /* Main.storyboard */,
				52FE92F824D012650058343E /* Assets.xcassets */,
				52FE92FA24D012650058343E /* LaunchScreen.storyboard */,
				52FE92FD24D012650058343E /* Info.plist */,
				52FE930324D012B20058343E /* Coordinator.swift */,
				52FE930524D012EC0058343E /* Storyboarded.swift */,
				52FE930724D0145D0058343E /* MainCoordinator.swift */,
				52FE930924D0156A0058343E /* BuyViewController.swift */,
				52FE930B24D015750058343E /* CreateAccountViewController.swift */,
				52FE930D24D05B580058343E /* BuyCoordinator.swift */,
			);
			path = Coordinators;
			sourceTree = "<group>";
		};
/* End PBXGroup section */

/* Begin PBXNativeTarget section */
		52FE92EB24D0125C0058343E /* Coordinators */ = {
			isa = PBXNativeTarget;
			buildConfigurationList = 52FE930024D012650058343E /* Build configuration list for PBXNativeTarget "Coordinators" */;
			buildPhases = (
				52FE92E824D0125C0058343E /* Sources */,
				52FE92E924D0125C0058343E /* Frameworks */,
				52FE92EA24D0125C0058343E /* Resources */,
			);
			buildRules = (
			);
			dependencies = (
			);
			name = Coordinators;
			productName = Coordinators;
			productReference = 52FE92EC24D0125C0058343E /* Coordinators.app */;
			productType = "com.apple.product-type.application";
		};
/* End PBXNativeTarget section */

/* Begin PBXProject section */
		52FE92E424D0125C0058343E /* Project object */ = {
			isa = PBXProject;
			attributes = {
				LastSwiftUpdateCheck = 1150;
				LastUpgradeCheck = 1150;
				ORGANIZATIONNAME = "김현지";
				TargetAttributes = {
					52FE92EB24D0125C0058343E = {
						CreatedOnToolsVersion = 11.5;
					};
				};
			};
			buildConfigurationList = 52FE92E724D0125C0058343E /* Build configuration list for PBXProject "Coordinators" */;
			compatibilityVersion = "Xcode 9.3";
			developmentRegion = en;
			hasScannedForEncodings = 0;
			knownRegions = (
				en,
				Base,
			);
			mainGroup = 52FE92E324D0125C0058343E;
			productRefGroup = 52FE92ED24D0125C0058343E /* Products */;
			projectDirPath = "";
			projectRoot = "";
			targets = (
				52FE92EB24D0125C0058343E /* Coordinators */,
			);
		};
/* End PBXProject section */

/* Begin PBXResourcesBuildPhase section */
		52FE92EA24D0125C0058343E /* Resources */ = {
			isa = PBXResourcesBuildPhase;
			buildActionMask = 2147483647;
			files = (
				52FE92FC24D012650058343E /* LaunchScreen.storyboard in Resources */,
				52FE92F924D012650058343E /* Assets.xcassets in Resources */,
				52FE92F724D0125C0058343E /* Main.storyboard in Resources */,
			);
			runOnlyForDeploymentPostprocessing = 0;
		};
/* End PBXResourcesBuildPhase section */

/* Begin PBXSourcesBuildPhase section */
		52FE92E824D0125C0058343E /* Sources */ = {
			isa = PBXSourcesBuildPhase;
			buildActionMask = 2147483647;
			files = (
				52FE930C24D015750058343E /* CreateAccountViewController.swift in Sources */,
				52FE930424D012B20058343E /* Coordinator.swift in Sources */,
				52FE930824D0145D0058343E /* MainCoordinator.swift in Sources */,
				52FE930E24D05B580058343E /* BuyCoordinator.swift in Sources */,
				52FE92F424D0125C0058343E /* ViewController.swift in Sources */,
				52FE930624D012EC0058343E /* Storyboarded.swift in Sources */,
				52FE92F024D0125C0058343E /* AppDelegate.swift in Sources */,
				52FE930A24D0156A0058343E /* BuyViewController.swift in Sources */,
			);
			runOnlyForDeploymentPostprocessing = 0;
		};
/* End PBXSourcesBuildPhase section */

/* Begin PBXVariantGroup section */
		52FE92F524D0125C0058343E /* Main.storyboard */ = {
			isa = PBXVariantGroup;
			children = (
				52FE92F624D0125C0058343E /* Base */,
			);
			name = Main.storyboard;
			sourceTree = "<group>";
		};
		52FE92FA24D012650058343E /* LaunchScreen.storyboard */ = {
			isa = PBXVariantGroup;
			children = (
				52FE92FB24D012650058343E /* Base */,
			);
			name = LaunchScreen.storyboard;
			sourceTree = "<group>";
		};
/* End PBXVariantGroup section */

/* Begin XCBuildConfiguration section */
		52FE92FE24D012650058343E /* Debug */ = {
			isa = XCBuildConfiguration;
			buildSettings = {
				ALWAYS_SEARCH_USER_PATHS = NO;
				CLANG_ANALYZER_NONNULL = YES;
				CLANG_ANALYZER_NUMBER_OBJECT_CONVERSION = YES_AGGRESSIVE;
				CLANG_CXX_LANGUAGE_STANDARD = "gnu++14";
				CLANG_CXX_LIBRARY = "libc++";
				CLANG_ENABLE_MODULES = YES;
				CLANG_ENABLE_OBJC_ARC = YES;
				CLANG_ENABLE_OBJC_WEAK = YES;
				CLANG_WARN_BLOCK_CAPTURE_AUTORELEASING = YES;
				CLANG_WARN_BOOL_CONVERSION = YES;
				CLANG_WARN_COMMA = YES;
				CLANG_WARN_CONSTANT_CONVERSION = YES;
				CLANG_WARN_DEPRECATED_OBJC_IMPLEMENTATIONS = YES;
				CLANG_WARN_DIRECT_OBJC_ISA_USAGE = YES_ERROR;
				CLANG_WARN_DOCUMENTATION_COMMENTS = YES;
				CLANG_WARN_EMPTY_BODY = YES;
				CLANG_WARN_ENUM_CONVERSION = YES;
				CLANG_WARN_INFINITE_RECURSION = YES;
				CLANG_WARN_INT_CONVERSION = YES;
				CLANG_WARN_NON_LITERAL_NULL_CONVERSION = YES;
				CLANG_WARN_OBJC_IMPLICIT_RETAIN_SELF = YES;
				CLANG_WARN_OBJC_LITERAL_CONVERSION = YES;
				CLANG_WARN_OBJC_ROOT_CLASS = YES_ERROR;
				CLANG_WARN_RANGE_LOOP_ANALYSIS = YES;
				CLANG_WARN_STRICT_PROTOTYPES = YES;
				CLANG_WARN_SUSPICIOUS_MOVE = YES;
				CLANG_WARN_UNGUARDED_AVAILABILITY = YES_AGGRESSIVE;
				CLANG_WARN_UNREACHABLE_CODE = YES;
				CLANG_WARN__DUPLICATE_METHOD_MATCH = YES;
				COPY_PHASE_STRIP = NO;
				DEBUG_INFORMATION_FORMAT = dwarf;
				ENABLE_STRICT_OBJC_MSGSEND = YES;
				ENABLE_TESTABILITY = YES;
				GCC_C_LANGUAGE_STANDARD = gnu11;
				GCC_DYNAMIC_NO_PIC = NO;
				GCC_NO_COMMON_BLOCKS = YES;
				GCC_OPTIMIZATION_LEVEL = 0;
				GCC_PREPROCESSOR_DEFINITIONS = (
					"DEBUG=1",
					"$(inherited)",
				);
				GCC_WARN_64_TO_32_BIT_CONVERSION = YES;
				GCC_WARN_ABOUT_RETURN_TYPE = YES_ERROR;
				GCC_WARN_UNDECLARED_SELECTOR = YES;
				GCC_WARN_UNINITIALIZED_AUTOS = YES_AGGRESSIVE;
				GCC_WARN_UNUSED_FUNCTION = YES;
				GCC_WARN_UNUSED_VARIABLE = YES;
				IPHONEOS_DEPLOYMENT_TARGET = 13.5;
				MTL_ENABLE_DEBUG_INFO = INCLUDE_SOURCE;
				MTL_FAST_MATH = YES;
				ONLY_ACTIVE_ARCH = YES;
				SDKROOT = iphoneos;
				SWIFT_ACTIVE_COMPILATION_CONDITIONS = DEBUG;
				SWIFT_OPTIMIZATION_LEVEL = "-Onone";
			};
			name = Debug;
		};
		52FE92FF24D012650058343E /* Release */ = {
			isa = XCBuildConfiguration;
			buildSettings = {
				ALWAYS_SEARCH_USER_PATHS = NO;
				CLANG_ANALYZER_NONNULL = YES;
				CLANG_ANALYZER_NUMBER_OBJECT_CONVERSION = YES_AGGRESSIVE;
				CLANG_CXX_LANGUAGE_STANDARD = "gnu++14";
				CLANG_CXX_LIBRARY = "libc++";
				CLANG_ENABLE_MODULES = YES;
				CLANG_ENABLE_OBJC_ARC = YES;
				CLANG_ENABLE_OBJC_WEAK = YES;
				CLANG_WARN_BLOCK_CAPTURE_AUTORELEASING = YES;
				CLANG_WARN_BOOL_CONVERSION = YES;
				CLANG_WARN_COMMA = YES;
				CLANG_WARN_CONSTANT_CONVERSION = YES;
				CLANG_WARN_DEPRECATED_OBJC_IMPLEMENTATIONS = YES;
				CLANG_WARN_DIRECT_OBJC_ISA_USAGE = YES_ERROR;
				CLANG_WARN_DOCUMENTATION_COMMENTS = YES;
				CLANG_WARN_EMPTY_BODY = YES;
				CLANG_WARN_ENUM_CONVERSION = YES;
				CLANG_WARN_INFINITE_RECURSION = YES;
				CLANG_WARN_INT_CONVERSION = YES;
				CLANG_WARN_NON_LITERAL_NULL_CONVERSION = YES;
				CLANG_WARN_OBJC_IMPLICIT_RETAIN_SELF = YES;
				CLANG_WARN_OBJC_LITERAL_CONVERSION = YES;
				CLANG_WARN_OBJC_ROOT_CLASS = YES_ERROR;
				CLANG_WARN_RANGE_LOOP_ANALYSIS = YES;
				CLANG_WARN_STRICT_PROTOTYPES = YES;
				CLANG_WARN_SUSPICIOUS_MOVE = YES;
				CLANG_WARN_UNGUARDED_AVAILABILITY = YES_AGGRESSIVE;
				CLANG_WARN_UNREACHABLE_CODE = YES;
				CLANG_WARN__DUPLICATE_METHOD_MATCH = YES;
				COPY_PHASE_STRIP = NO;
				DEBUG_INFORMATION_FORMAT = "dwarf-with-dsym";
				ENABLE_NS_ASSERTIONS = NO;
				ENABLE_STRICT_OBJC_MSGSEND = YES;
				GCC_C_LANGUAGE_STANDARD = gnu11;
				GCC_NO_COMMON_BLOCKS = YES;
				GCC_WARN_64_TO_32_BIT_CONVERSION = YES;
				GCC_WARN_ABOUT_RETURN_TYPE = YES_ERROR;
				GCC_WARN_UNDECLARED_SELECTOR = YES;
				GCC_WARN_UNINITIALIZED_AUTOS = YES_AGGRESSIVE;
				GCC_WARN_UNUSED_FUNCTION = YES;
				GCC_WARN_UNUSED_VARIABLE = YES;
				IPHONEOS_DEPLOYMENT_TARGET = 13.5;
				MTL_ENABLE_DEBUG_INFO = NO;
				MTL_FAST_MATH = YES;
				SDKROOT = iphoneos;
				SWIFT_COMPILATION_MODE = wholemodule;
				SWIFT_OPTIMIZATION_LEVEL = "-O";
				VALIDATE_PRODUCT = YES;
			};
			name = Release;
		};
		52FE930124D012650058343E /* Debug */ = {
			isa = XCBuildConfiguration;
			buildSettings = {
				ASSETCATALOG_COMPILER_APPICON_NAME = AppIcon;
				CODE_SIGN_STYLE = Automatic;
				DEVELOPMENT_TEAM = CYJWF25337;
				INFOPLIST_FILE = Coordinators/Info.plist;
				LD_RUNPATH_SEARCH_PATHS = (
					"$(inherited)",
					"@executable_path/Frameworks",
				);
				PRODUCT_BUNDLE_IDENTIFIER = com.hyunji.Coordinators;
				PRODUCT_NAME = "$(TARGET_NAME)";
				SWIFT_VERSION = 5.0;
				TARGETED_DEVICE_FAMILY = "1,2";
			};
			name = Debug;
		};
		52FE930224D012650058343E /* Release */ = {
			isa = XCBuildConfiguration;
			buildSettings = {
				ASSETCATALOG_COMPILER_APPICON_NAME = AppIcon;
				CODE_SIGN_STYLE = Automatic;
				DEVELOPMENT_TEAM = CYJWF25337;
				INFOPLIST_FILE = Coordinators/Info.plist;
				LD_RUNPATH_SEARCH_PATHS = (
					"$(inherited)",
					"@executable_path/Frameworks",
				);
				PRODUCT_BUNDLE_IDENTIFIER = com.hyunji.Coordinators;
				PRODUCT_NAME = "$(TARGET_NAME)";
				SWIFT_VERSION = 5.0;
				TARGETED_DEVICE_FAMILY = "1,2";
			};
			name = Release;
		};
/* End XCBuildConfiguration section */

/* Begin XCConfigurationList section */
		52FE92E724D0125C0058343E /* Build configuration list for PBXProject "Coordinators" */ = {
			isa = XCConfigurationList;
			buildConfigurations = (
				52FE92FE24D012650058343E /* Debug */,
				52FE92FF24D012650058343E /* Release */,
			);
			defaultConfigurationIsVisible = 0;
			defaultConfigurationName = Release;
		};
		52FE930024D012650058343E /* Build configuration list for PBXNativeTarget "Coordinators" */ = {
			isa = XCConfigurationList;
			buildConfigurations = (
				52FE930124D012650058343E /* Debug */,
				52FE930224D012650058343E /* Release */,
			);
			defaultConfigurationIsVisible = 0;
			defaultConfigurationName = Release;
		};
/* End XCConfigurationList section */
	};
	rootObject = 52FE92E424D0125C0058343E /* Project object */;
}
