// !$*UTF8*$!
{
	archiveVersion = 1;
	classes = {
	};
	objectVersion = 50;
	objects = {

/* Begin PBXBuildFile section */
		5280496C23A4251400E1F94E /* AppDelegate.swift in Sources */ = {isa = PBXBuildFile; fileRef = 5280496B23A4251400E1F94E /* AppDelegate.swift */; };
		5280496E23A4251400E1F94E /* SceneDelegate.swift in Sources */ = {isa = PBXBuildFile; fileRef = 5280496D23A4251400E1F94E /* SceneDelegate.swift */; };
		5280497023A4251400E1F94E /* ViewController.swift in Sources */ = {isa = PBXBuildFile; fileRef = 5280496F23A4251400E1F94E /* ViewController.swift */; };
		5280497323A4251400E1F94E /* Main.storyboard in Resources */ = {isa = PBXBuildFile; fileRef = 5280497123A4251400E1F94E /* Main.storyboard */; };
		5280497523A4251900E1F94E /* Assets.xcassets in Resources */ = {isa = PBXBuildFile; fileRef = 5280497423A4251900E1F94E /* Assets.xcassets */; };
		5280497823A4251900E1F94E /* LaunchScreen.storyboard in Resources */ = {isa = PBXBuildFile; fileRef = 5280497623A4251900E1F94E /* LaunchScreen.storyboard */; };
		5280498323A425F100E1F94E /* ListViewController.swift in Sources */ = {isa = PBXBuildFile; fileRef = 5280498223A425F100E1F94E /* ListViewController.swift */; };
		5280498523A4273200E1F94E /* MovieVO.swift in Sources */ = {isa = PBXBuildFile; fileRef = 5280498423A4273200E1F94E /* MovieVO.swift */; };
		5280498723A430B200E1F94E /* MovieCell.swift in Sources */ = {isa = PBXBuildFile; fileRef = 5280498623A430B200E1F94E /* MovieCell.swift */; };
		52B4719C23A537140024D3BE /* DetailViewController.swift in Sources */ = {isa = PBXBuildFile; fileRef = 52B4719B23A537140024D3BE /* DetailViewController.swift */; };
/* End PBXBuildFile section */

/* Begin PBXFileReference section */
		5280496823A4251400E1F94E /* MyMovieChart.app */ = {isa = PBXFileReference; explicitFileType = wrapper.application; includeInIndex = 0; path = MyMovieChart.app; sourceTree = BUILT_PRODUCTS_DIR; };
		5280496B23A4251400E1F94E /* AppDelegate.swift */ = {isa = PBXFileReference; lastKnownFileType = sourcecode.swift; path = AppDelegate.swift; sourceTree = "<group>"; };
		5280496D23A4251400E1F94E /* SceneDelegate.swift */ = {isa = PBXFileReference; lastKnownFileType = sourcecode.swift; path = SceneDelegate.swift; sourceTree = "<group>"; };
		5280496F23A4251400E1F94E /* ViewController.swift */ = {isa = PBXFileReference; lastKnownFileType = sourcecode.swift; path = ViewController.swift; sourceTree = "<group>"; };
		5280497223A4251400E1F94E /* Base */ = {isa = PBXFileReference; lastKnownFileType = file.storyboard; name = Base; path = Base.lproj/Main.storyboard; sourceTree = "<group>"; };
		5280497423A4251900E1F94E /* Assets.xcassets */ = {isa = PBXFileReference; lastKnownFileType = folder.assetcatalog; path = Assets.xcassets; sourceTree = "<group>"; };
		5280497723A4251900E1F94E /* Base */ = {isa = PBXFileReference; lastKnownFileType = file.storyboard; name = Base; path = Base.lproj/LaunchScreen.storyboard; sourceTree = "<group>"; };
		5280497923A4251900E1F94E /* Info.plist */ = {isa = PBXFileReference; lastKnownFileType = text.plist.xml; path = Info.plist; sourceTree = "<group>"; };
		5280498223A425F100E1F94E /* ListViewController.swift */ = {isa = PBXFileReference; lastKnownFileType = sourcecode.swift; path = ListViewController.swift; sourceTree = "<group>"; };
		5280498423A4273200E1F94E /* MovieVO.swift */ = {isa = PBXFileReference; lastKnownFileType = sourcecode.swift; path = MovieVO.swift; sourceTree = "<group>"; };
		5280498623A430B200E1F94E /* MovieCell.swift */ = {isa = PBXFileReference; lastKnownFileType = sourcecode.swift; path = MovieCell.swift; sourceTree = "<group>"; };
		52B4719B23A537140024D3BE /* DetailViewController.swift */ = {isa = PBXFileReference; lastKnownFileType = sourcecode.swift; path = DetailViewController.swift; sourceTree = "<group>"; };
/* End PBXFileReference section */

/* Begin PBXFrameworksBuildPhase section */
		5280496523A4251400E1F94E /* Frameworks */ = {
			isa = PBXFrameworksBuildPhase;
			buildActionMask = 2147483647;
			files = (
			);
			runOnlyForDeploymentPostprocessing = 0;
		};
/* End PBXFrameworksBuildPhase section */

/* Begin PBXGroup section */
		5280495F23A4251400E1F94E = {
			isa = PBXGroup;
			children = (
				5280496A23A4251400E1F94E /* MyMovieChart */,
				5280496923A4251400E1F94E /* Products */,
			);
			sourceTree = "<group>";
		};
		5280496923A4251400E1F94E /* Products */ = {
			isa = PBXGroup;
			children = (
				5280496823A4251400E1F94E /* MyMovieChart.app */,
			);
			name = Products;
			sourceTree = "<group>";
		};
		5280496A23A4251400E1F94E /* MyMovieChart */ = {
			isa = PBXGroup;
			children = (
				5280497923A4251900E1F94E /* Info.plist */,
				5280498023A4257600E1F94E /* Resources */,
				5280497F23A4252600E1F94E /* Sources */,
			);
			path = MyMovieChart;
			sourceTree = "<group>";
		};
		5280497F23A4252600E1F94E /* Sources */ = {
			isa = PBXGroup;
			children = (
				5280498123A4258700E1F94E /* ViewControllers */,
				5280496B23A4251400E1F94E /* AppDelegate.swift */,
				5280496D23A4251400E1F94E /* SceneDelegate.swift */,
				5280498423A4273200E1F94E /* MovieVO.swift */,
				5280498623A430B200E1F94E /* MovieCell.swift */,
			);
			path = Sources;
			sourceTree = "<group>";
		};
		5280498023A4257600E1F94E /* Resources */ = {
			isa = PBXGroup;
			children = (
				5280497123A4251400E1F94E /* Main.storyboard */,
				5280497423A4251900E1F94E /* Assets.xcassets */,
				5280497623A4251900E1F94E /* LaunchScreen.storyboard */,
			);
			path = Resources;
			sourceTree = "<group>";
		};
		5280498123A4258700E1F94E /* ViewControllers */ = {
			isa = PBXGroup;
			children = (
				5280496F23A4251400E1F94E /* ViewController.swift */,
				5280498223A425F100E1F94E /* ListViewController.swift */,
				52B4719B23A537140024D3BE /* DetailViewController.swift */,
			);
			path = ViewControllers;
			sourceTree = "<group>";
		};
/* End PBXGroup section */

/* Begin PBXNativeTarget section */
		5280496723A4251400E1F94E /* MyMovieChart */ = {
			isa = PBXNativeTarget;
			buildConfigurationList = 5280497C23A4251900E1F94E /* Build configuration list for PBXNativeTarget "MyMovieChart" */;
			buildPhases = (
				5280496423A4251400E1F94E /* Sources */,
				5280496523A4251400E1F94E /* Frameworks */,
				5280496623A4251400E1F94E /* Resources */,
			);
			buildRules = (
			);
			dependencies = (
			);
			name = MyMovieChart;
			productName = MyMovieChart;
			productReference = 5280496823A4251400E1F94E /* MyMovieChart.app */;
			productType = "com.apple.product-type.application";
		};
/* End PBXNativeTarget section */

/* Begin PBXProject section */
		5280496023A4251400E1F94E /* Project object */ = {
			isa = PBXProject;
			attributes = {
				LastSwiftUpdateCheck = 1130;
				LastUpgradeCheck = 1130;
				ORGANIZATIONNAME = "김현지";
				TargetAttributes = {
					5280496723A4251400E1F94E = {
						CreatedOnToolsVersion = 11.3;
					};
				};
			};
			buildConfigurationList = 5280496323A4251400E1F94E /* Build configuration list for PBXProject "MyMovieChart" */;
			compatibilityVersion = "Xcode 9.3";
			developmentRegion = en;
			hasScannedForEncodings = 0;
			knownRegions = (
				en,
				Base,
			);
			mainGroup = 5280495F23A4251400E1F94E;
			productRefGroup = 5280496923A4251400E1F94E /* Products */;
			projectDirPath = "";
			projectRoot = "";
			targets = (
				5280496723A4251400E1F94E /* MyMovieChart */,
			);
		};
/* End PBXProject section */

/* Begin PBXResourcesBuildPhase section */
		5280496623A4251400E1F94E /* Resources */ = {
			isa = PBXResourcesBuildPhase;
			buildActionMask = 2147483647;
			files = (
				5280497823A4251900E1F94E /* LaunchScreen.storyboard in Resources */,
				5280497523A4251900E1F94E /* Assets.xcassets in Resources */,
				5280497323A4251400E1F94E /* Main.storyboard in Resources */,
			);
			runOnlyForDeploymentPostprocessing = 0;
		};
/* End PBXResourcesBuildPhase section */

/* Begin PBXSourcesBuildPhase section */
		5280496423A4251400E1F94E /* Sources */ = {
			isa = PBXSourcesBuildPhase;
			buildActionMask = 2147483647;
			files = (
				5280497023A4251400E1F94E /* ViewController.swift in Sources */,
				5280496C23A4251400E1F94E /* AppDelegate.swift in Sources */,
				5280498723A430B200E1F94E /* MovieCell.swift in Sources */,
				5280498323A425F100E1F94E /* ListViewController.swift in Sources */,
				5280496E23A4251400E1F94E /* SceneDelegate.swift in Sources */,
				5280498523A4273200E1F94E /* MovieVO.swift in Sources */,
				52B4719C23A537140024D3BE /* DetailViewController.swift in Sources */,
			);
			runOnlyForDeploymentPostprocessing = 0;
		};
/* End PBXSourcesBuildPhase section */

/* Begin PBXVariantGroup section */
		5280497123A4251400E1F94E /* Main.storyboard */ = {
			isa = PBXVariantGroup;
			children = (
				5280497223A4251400E1F94E /* Base */,
			);
			name = Main.storyboard;
			sourceTree = "<group>";
		};
		5280497623A4251900E1F94E /* LaunchScreen.storyboard */ = {
			isa = PBXVariantGroup;
			children = (
				5280497723A4251900E1F94E /* Base */,
			);
			name = LaunchScreen.storyboard;
			sourceTree = "<group>";
		};
/* End PBXVariantGroup section */

/* Begin XCBuildConfiguration section */
		5280497A23A4251900E1F94E /* Debug */ = {
			isa = XCBuildConfiguration;
			buildSettings = {
				ALWAYS_SEARCH_USER_PATHS = NO;
				CLANG_ANALYZER_NONNULL = YES;
				CLANG_ANALYZER_NUMBER_OBJECT_CONVERSION = YES_AGGRESSIVE;
				CLANG_CXX_LANGUAGE_STANDARD = "gnu++14";
				CLANG_CXX_LIBRARY = "libc++";
				CLANG_ENABLE_MODULES = YES;
				CLANG_ENABLE_OBJC_ARC = YES;
				CLANG_ENABLE_OBJC_WEAK = YES;
				CLANG_WARN_BLOCK_CAPTURE_AUTORELEASING = YES;
				CLANG_WARN_BOOL_CONVERSION = YES;
				CLANG_WARN_COMMA = YES;
				CLANG_WARN_CONSTANT_CONVERSION = YES;
				CLANG_WARN_DEPRECATED_OBJC_IMPLEMENTATIONS = YES;
				CLANG_WARN_DIRECT_OBJC_ISA_USAGE = YES_ERROR;
				CLANG_WARN_DOCUMENTATION_COMMENTS = YES;
				CLANG_WARN_EMPTY_BODY = YES;
				CLANG_WARN_ENUM_CONVERSION = YES;
				CLANG_WARN_INFINITE_RECURSION = YES;
				CLANG_WARN_INT_CONVERSION = YES;
				CLANG_WARN_NON_LITERAL_NULL_CONVERSION = YES;
				CLANG_WARN_OBJC_IMPLICIT_RETAIN_SELF = YES;
				CLANG_WARN_OBJC_LITERAL_CONVERSION = YES;
				CLANG_WARN_OBJC_ROOT_CLASS = YES_ERROR;
				CLANG_WARN_RANGE_LOOP_ANALYSIS = YES;
				CLANG_WARN_STRICT_PROTOTYPES = YES;
				CLANG_WARN_SUSPICIOUS_MOVE = YES;
				CLANG_WARN_UNGUARDED_AVAILABILITY = YES_AGGRESSIVE;
				CLANG_WARN_UNREACHABLE_CODE = YES;
				CLANG_WARN__DUPLICATE_METHOD_MATCH = YES;
				COPY_PHASE_STRIP = NO;
				DEBUG_INFORMATION_FORMAT = dwarf;
				ENABLE_STRICT_OBJC_MSGSEND = YES;
				ENABLE_TESTABILITY = YES;
				GCC_C_LANGUAGE_STANDARD = gnu11;
				GCC_DYNAMIC_NO_PIC = NO;
				GCC_NO_COMMON_BLOCKS = YES;
				GCC_OPTIMIZATION_LEVEL = 0;
				GCC_PREPROCESSOR_DEFINITIONS = (
					"DEBUG=1",
					"$(inherited)",
				);
				GCC_WARN_64_TO_32_BIT_CONVERSION = YES;
				GCC_WARN_ABOUT_RETURN_TYPE = YES_ERROR;
				GCC_WARN_UNDECLARED_SELECTOR = YES;
				GCC_WARN_UNINITIALIZED_AUTOS = YES_AGGRESSIVE;
				GCC_WARN_UNUSED_FUNCTION = YES;
				GCC_WARN_UNUSED_VARIABLE = YES;
				IPHONEOS_DEPLOYMENT_TARGET = 13.2;
				MTL_ENABLE_DEBUG_INFO = INCLUDE_SOURCE;
				MTL_FAST_MATH = YES;
				ONLY_ACTIVE_ARCH = YES;
				SDKROOT = iphoneos;
				SWIFT_ACTIVE_COMPILATION_CONDITIONS = DEBUG;
				SWIFT_OPTIMIZATION_LEVEL = "-Onone";
			};
			name = Debug;
		};
		5280497B23A4251900E1F94E /* Release */ = {
			isa = XCBuildConfiguration;
			buildSettings = {
				ALWAYS_SEARCH_USER_PATHS = NO;
				CLANG_ANALYZER_NONNULL = YES;
				CLANG_ANALYZER_NUMBER_OBJECT_CONVERSION = YES_AGGRESSIVE;
				CLANG_CXX_LANGUAGE_STANDARD = "gnu++14";
				CLANG_CXX_LIBRARY = "libc++";
				CLANG_ENABLE_MODULES = YES;
				CLANG_ENABLE_OBJC_ARC = YES;
				CLANG_ENABLE_OBJC_WEAK = YES;
				CLANG_WARN_BLOCK_CAPTURE_AUTORELEASING = YES;
				CLANG_WARN_BOOL_CONVERSION = YES;
				CLANG_WARN_COMMA = YES;
				CLANG_WARN_CONSTANT_CONVERSION = YES;
				CLANG_WARN_DEPRECATED_OBJC_IMPLEMENTATIONS = YES;
				CLANG_WARN_DIRECT_OBJC_ISA_USAGE = YES_ERROR;
				CLANG_WARN_DOCUMENTATION_COMMENTS = YES;
				CLANG_WARN_EMPTY_BODY = YES;
				CLANG_WARN_ENUM_CONVERSION = YES;
				CLANG_WARN_INFINITE_RECURSION = YES;
				CLANG_WARN_INT_CONVERSION = YES;
				CLANG_WARN_NON_LITERAL_NULL_CONVERSION = YES;
				CLANG_WARN_OBJC_IMPLICIT_RETAIN_SELF = YES;
				CLANG_WARN_OBJC_LITERAL_CONVERSION = YES;
				CLANG_WARN_OBJC_ROOT_CLASS = YES_ERROR;
				CLANG_WARN_RANGE_LOOP_ANALYSIS = YES;
				CLANG_WARN_STRICT_PROTOTYPES = YES;
				CLANG_WARN_SUSPICIOUS_MOVE = YES;
				CLANG_WARN_UNGUARDED_AVAILABILITY = YES_AGGRESSIVE;
				CLANG_WARN_UNREACHABLE_CODE = YES;
				CLANG_WARN__DUPLICATE_METHOD_MATCH = YES;
				COPY_PHASE_STRIP = NO;
				DEBUG_INFORMATION_FORMAT = "dwarf-with-dsym";
				ENABLE_NS_ASSERTIONS = NO;
				ENABLE_STRICT_OBJC_MSGSEND = YES;
				GCC_C_LANGUAGE_STANDARD = gnu11;
				GCC_NO_COMMON_BLOCKS = YES;
				GCC_WARN_64_TO_32_BIT_CONVERSION = YES;
				GCC_WARN_ABOUT_RETURN_TYPE = YES_ERROR;
				GCC_WARN_UNDECLARED_SELECTOR = YES;
				GCC_WARN_UNINITIALIZED_AUTOS = YES_AGGRESSIVE;
				GCC_WARN_UNUSED_FUNCTION = YES;
				GCC_WARN_UNUSED_VARIABLE = YES;
				IPHONEOS_DEPLOYMENT_TARGET = 13.2;
				MTL_ENABLE_DEBUG_INFO = NO;
				MTL_FAST_MATH = YES;
				SDKROOT = iphoneos;
				SWIFT_COMPILATION_MODE = wholemodule;
				SWIFT_OPTIMIZATION_LEVEL = "-O";
				VALIDATE_PRODUCT = YES;
			};
			name = Release;
		};
		5280497D23A4251900E1F94E /* Debug */ = {
			isa = XCBuildConfiguration;
			buildSettings = {
				ASSETCATALOG_COMPILER_APPICON_NAME = AppIcon;
				CODE_SIGN_STYLE = Automatic;
				DEVELOPMENT_TEAM = CYJWF25337;
				INFOPLIST_FILE = MyMovieChart/Info.plist;
				LD_RUNPATH_SEARCH_PATHS = (
					"$(inherited)",
					"@executable_path/Frameworks",
				);
				PRODUCT_BUNDLE_IDENTIFIER = com.hyunji.MyMovieChart;
				PRODUCT_NAME = "$(TARGET_NAME)";
				SWIFT_VERSION = 5.0;
				TARGETED_DEVICE_FAMILY = "1,2";
			};
			name = Debug;
		};
		5280497E23A4251900E1F94E /* Release */ = {
			isa = XCBuildConfiguration;
			buildSettings = {
				ASSETCATALOG_COMPILER_APPICON_NAME = AppIcon;
				CODE_SIGN_STYLE = Automatic;
				DEVELOPMENT_TEAM = CYJWF25337;
				INFOPLIST_FILE = MyMovieChart/Info.plist;
				LD_RUNPATH_SEARCH_PATHS = (
					"$(inherited)",
					"@executable_path/Frameworks",
				);
				PRODUCT_BUNDLE_IDENTIFIER = com.hyunji.MyMovieChart;
				PRODUCT_NAME = "$(TARGET_NAME)";
				SWIFT_VERSION = 5.0;
				TARGETED_DEVICE_FAMILY = "1,2";
			};
			name = Release;
		};
/* End XCBuildConfiguration section */

/* Begin XCConfigurationList section */
		5280496323A4251400E1F94E /* Build configuration list for PBXProject "MyMovieChart" */ = {
			isa = XCConfigurationList;
			buildConfigurations = (
				5280497A23A4251900E1F94E /* Debug */,
				5280497B23A4251900E1F94E /* Release */,
			);
			defaultConfigurationIsVisible = 0;
			defaultConfigurationName = Release;
		};
		5280497C23A4251900E1F94E /* Build configuration list for PBXNativeTarget "MyMovieChart" */ = {
			isa = XCConfigurationList;
			buildConfigurations = (
				5280497D23A4251900E1F94E /* Debug */,
				5280497E23A4251900E1F94E /* Release */,
			);
			defaultConfigurationIsVisible = 0;
			defaultConfigurationName = Release;
		};
/* End XCConfigurationList section */
	};
	rootObject = 5280496023A4251400E1F94E /* Project object */;
}
